<?xml version="1.0" encoding="utf-8"?>
<Project ToolsVersion="4.0" xmlns="http://schemas.microsoft.com/developer/msbuild/2003">
  <ItemGroup>
    <Filter Include="Developer">
      <UniqueIdentifier>{8BB2F587-F71C-AAFE-405B-5BA4AC048853}</UniqueIdentifier>
    </Filter>
    <Filter Include="Developer\Log">
      <UniqueIdentifier>{DC176D19-48D8-E84F-1113-32CD7D922D2C}</UniqueIdentifier>
    </Filter>
    <Filter Include="Editor">
      <UniqueIdentifier>{8C1A20B0-78BC-4A86-6177-5EDA4DB8D1D6}</UniqueIdentifier>
    </Filter>
    <Filter Include="Runtime">
      <UniqueIdentifier>{4995DAC4-B574-5960-BE8C-E4362AEBBFC1}</UniqueIdentifier>
    </Filter>
    <Filter Include="Runtime\Core">
      <UniqueIdentifier>{416F811B-2DD2-10C0-D657-4976C299DC42}</UniqueIdentifier>
    </Filter>
  </ItemGroup>
  <ItemGroup>
    <ClInclude Include="Source\Developer\Log\Log.h">
      <Filter>Developer\Log</Filter>
    </ClInclude>
    <ClInclude Include="Source\Runtime\Core\Application.h">
      <Filter>Runtime\Core</Filter>
    </ClInclude>
    <ClInclude Include="Source\Runtime\Core\Core.h">
      <Filter>Runtime\Core</Filter>
    </ClInclude>
    <ClInclude Include="Source\Runtime\Core\EntryPoint.h">
      <Filter>Runtime\Core</Filter>
    </ClInclude>
    <ClInclude Include="Source\Syn.h" />
    <ClInclude Include="Source\Editor\Window.h">
      <Filter>Editor</Filter>
    </ClInclude>
    <ClInclude Include="Source\Developer\Event\Event.h" />
    <ClInclude Include="Source\Editor\EditorInstance.h" />
  </ItemGroup>
  <ItemGroup>
    <ClCompile Include="Source\Developer\Log\Log.cpp">
      <Filter>Developer\Log</Filter>
    </ClCompile>
    <ClCompile Include="Source\Runtime\Core\Application.cpp">
      <Filter>Runtime\Core</Filter>
    </ClCompile>
    <ClCompile Include="Source\Editor\Window.cpp">
      <Filter>Editor</Filter>
    </ClCompile>
    <ClCompile Include="Source\Editor\EditorInstance.cpp" />
  </ItemGroup>
</Project>